
Microsoft Visual Studio Solution File, Format Version 12.00
# Visual Studio 15
VisualStudioVersion = 15.0.28307.1000
MinimumVisualStudioVersion = 10.0.40219.1
Project("{FAE04EC0-301F-11D3-BF4B-00C04F79EFBC}") = "GetFlags", "GetFlags\GetFlags.csproj", "{FEE49627-B9B3-41E4-BFC7-1D77351ACB89}"
EndProject
Global
	GlobalSection(SolutionConfigurationPlatforms) = preSolution
		Debug|Any CPU = Debug|Any CPU
		Release|Any CPU = Release|Any CPU
	EndGlobalSection
	GlobalSection(ProjectConfigurationPlatforms) = postSolution
		{FEE49627-B9B3-41E4-BFC7-1D77351ACB89}.Debug|Any CPU.ActiveCfg = Debug|Any CPU
		{FEE49627-B9B3-41E4-BFC7-1D77351ACB89}.Debug|Any CPU.Build.0 = Debug|Any CPU
		{FEE49627-B9B3-41E4-BFC7-1D77351ACB89}.Release|Any CPU.ActiveCfg = Release|Any CPU
		{FEE49627-B9B3-41E4-BFC7-1D77351ACB89}.Release|Any CPU.Build.0 = Release|Any CPU
	EndGlobalSection
	GlobalSection(SolutionProperties) = preSolution
		HideSolutionNode = FALSE
	EndGlobalSection
	GlobalSection(ExtensibilityGlobals) = postSolution
		SolutionGuid = {65490B20-399B-428B-A85B-B0FA88B71D0A}
	EndGlobalSection
EndGlobal
